
Microsoft Visual Studio Solution File, Format Version 12.00
# Visual Studio Version 16
VisualStudioVersion = 16.0.31410.357
MinimumVisualStudioVersion = 10.0.40219.1
Project("{9A19103F-16F7-4668-BE54-9A1E7A4F7556}") = "ConsoleApp36", "ConsoleApp36\ConsoleApp36.csproj", "{F18172E2-D133-4366-834B-FE791874456D}"
EndProject
Global
	GlobalSection(SolutionConfigurationPlatforms) = preSolution
		Debug|Any CPU = Debug|Any CPU
		Release|Any CPU = Release|Any CPU
	EndGlobalSection
	GlobalSection(ProjectConfigurationPlatforms) = postSolution
		{F18172E2-D133-4366-834B-FE791874456D}.Debug|Any CPU.ActiveCfg = Debug|Any CPU
		{F18172E2-D133-4366-834B-FE791874456D}.Debug|Any CPU.Build.0 = Debug|Any CPU
		{F18172E2-D133-4366-834B-FE791874456D}.Release|Any CPU.ActiveCfg = Release|Any CPU
		{F18172E2-D133-4366-834B-FE791874456D}.Release|Any CPU.Build.0 = Release|Any CPU
	EndGlobalSection
	GlobalSection(SolutionProperties) = preSolution
		HideSolutionNode = FALSE
	EndGlobalSection
	GlobalSection(ExtensibilityGlobals) = postSolution
		SolutionGuid = {AB9E7306-1B2B-491C-B5F7-C5A3057347FD}
	EndGlobalSection
EndGlobal
